<?xml version="1.0" encoding="utf-8"?>
<Project ToolsVersion="4.0" xmlns="http://schemas.microsoft.com/developer/msbuild/2003">
  <ItemGroup>
    <Filter Include="Source Files">
      <Extensions>cpp;c</Extensions>
    </Filter>
    <Filter Include="Header Files">
      <Extensions>h;hpp</Extensions>
    </Filter>
  </ItemGroup>
  <ItemGroup>
    <ClCompile Include="library\Book.cpp">
      <Filter>Source Files</Filter>
    </ClCompile>
    <ClCompile Include="library\Branch.cpp">
      <Filter>Source Files</Filter>
    </ClCompile>
    <ClCompile Include="library\BranchAccess.cpp">
      <Filter>Source Files</Filter>
    </ClCompile>
    <ClCompile Include="library\BranchService.cpp">
      <Filter>Source Files</Filter>
    </ClCompile>
    <ClCompile Include="library\Catalog.cpp">
      <Filter>Source Files</Filter>
    </ClCompile>
    <ClCompile Include="library\ClassificationService.cpp">
      <Filter>Source Files</Filter>
    </ClCompile>
    <ClCompile Include="library\Endpoint.cpp">
      <Filter>Source Files</Filter>
    </ClCompile>
    <ClCompile Include="library\EndpointValidator.cpp">
      <Filter>Source Files</Filter>
    </ClCompile>
    <ClCompile Include="library\Holding.cpp">
      <Filter>Source Files</Filter>
    </ClCompile>
    <ClCompile Include="library\HoldingService.cpp">
      <Filter>Source Files</Filter>
    </ClCompile>
    <ClCompile Include="library\InventoryReport.cpp">
      <Filter>Source Files</Filter>
    </ClCompile>
    <ClCompile Include="library\MailDestination.cpp">
      <Filter>Source Files</Filter>
    </ClCompile>
    <ClCompile Include="library\MailMessage.cpp">
      <Filter>Source Files</Filter>
    </ClCompile>
    <ClCompile Include="library\Patron.cpp">
      <Filter>Source Files</Filter>
    </ClCompile>
    <ClCompile Include="library\PatronAccess.cpp">
      <Filter>Source Files</Filter>
    </ClCompile>
    <ClCompile Include="library\PatronService.cpp">
      <Filter>Source Files</Filter>
    </ClCompile>
    <ClCompile Include="library\Scanner.cpp">
      <Filter>Source Files</Filter>
    </ClCompile>
    <ClCompile Include="library\ScannerState.cpp">
      <Filter>Source Files</Filter>
    </ClCompile>
    <ClCompile Include="library\ScannerStateCheckin.cpp">
      <Filter>Source Files</Filter>
    </ClCompile>
    <ClCompile Include="library\ScannerStateCheckout.cpp">
      <Filter>Source Files</Filter>
    </ClCompile>
    <ClCompile Include="library\ScannerStateInventory.cpp">
      <Filter>Source Files</Filter>
    </ClCompile>
    <ClCompile Include="library\ScannerStateWaiting.cpp">
      <Filter>Source Files</Filter>
    </ClCompile>
    <ClCompile Include="library\StreamLineReader.cpp">
      <Filter>Source Files</Filter>
    </ClCompile>
    <ClCompile Include="library\TimestampSource.cpp">
      <Filter>Source Files</Filter>
    </ClCompile>
    <ClCompile Include="library\Transport.cpp">
      <Filter>Source Files</Filter>
    </ClCompile>
  </ItemGroup>
  <ItemGroup>
    <ClInclude Include="library\include\BarcodeUtil.h">
      <Filter>Header Files</Filter>
    </ClInclude>
    <ClInclude Include="library\include\Book.h">
      <Filter>Header Files</Filter>
    </ClInclude>
    <ClInclude Include="library\include\Branch.h">
      <Filter>Header Files</Filter>
    </ClInclude>
    <ClInclude Include="library\include\BranchAccess.h">
      <Filter>Header Files</Filter>
    </ClInclude>
    <ClInclude Include="library\include\BranchService.h">
      <Filter>Header Files</Filter>
    </ClInclude>
    <ClInclude Include="library\include\Catalog.h">
      <Filter>Header Files</Filter>
    </ClInclude>
    <ClInclude Include="library\include\ClassificationData.h">
      <Filter>Header Files</Filter>
    </ClInclude>
    <ClInclude Include="library\include\ClassificationService.h">
      <Filter>Header Files</Filter>
    </ClInclude>
    <ClInclude Include="library\include\CreditVerifier.h">
      <Filter>Header Files</Filter>
    </ClInclude>
    <ClInclude Include="library\include\DisplayListener.h">
      <Filter>Header Files</Filter>
    </ClInclude>
    <ClInclude Include="library\include\Endpoint.h">
      <Filter>Header Files</Filter>
    </ClInclude>
    <ClInclude Include="library\include\EndpointValidator.h">
      <Filter>Header Files</Filter>
    </ClInclude>
    <ClInclude Include="library\include\Holding.h">
      <Filter>Header Files</Filter>
    </ClInclude>
    <ClInclude Include="library\include\HoldingBarcode.h">
      <Filter>Header Files</Filter>
    </ClInclude>
    <ClInclude Include="library\include\HoldingService.h">
      <Filter>Header Files</Filter>
    </ClInclude>
    <ClInclude Include="library\include\InvalidBarcodeException.h">
      <Filter>Header Files</Filter>
    </ClInclude>
    <ClInclude Include="library\include\InventoryReport.h">
      <Filter>Header Files</Filter>
    </ClInclude>
    <ClInclude Include="library\include\KeyedFilePersistence.h">
      <Filter>Header Files</Filter>
    </ClInclude>
    <ClInclude Include="library\include\KeyedMemoryPersistence.h">
      <Filter>Header Files</Filter>
    </ClInclude>
    <ClInclude Include="library\include\MailDestination.h">
      <Filter>Header Files</Filter>
    </ClInclude>
    <ClInclude Include="library\include\MailMessage.h">
      <Filter>Header Files</Filter>
    </ClInclude>
    <ClInclude Include="library\include\NCC1701ADisplay.h">
      <Filter>Header Files</Filter>
    </ClInclude>
    <ClInclude Include="library\include\Patron.h">
      <Filter>Header Files</Filter>
    </ClInclude>
    <ClInclude Include="library\include\PatronAccess.h">
      <Filter>Header Files</Filter>
    </ClInclude>
    <ClInclude Include="library\include\PatronNotFoundException.h">
      <Filter>Header Files</Filter>
    </ClInclude>
    <ClInclude Include="library\include\PatronService.h">
      <Filter>Header Files</Filter>
    </ClInclude>
    <ClInclude Include="library\include\Persistence.h">
      <Filter>Header Files</Filter>
    </ClInclude>
    <ClInclude Include="library\include\Report.h">
      <Filter>Header Files</Filter>
    </ClInclude>
    <ClInclude Include="library\include\ReportMailer.h">
      <Filter>Header Files</Filter>
    </ClInclude>
    <ClInclude Include="library\include\Scanner.h">
      <Filter>Header Files</Filter>
    </ClInclude>
    <ClInclude Include="library\include\ScannerState.h">
      <Filter>Header Files</Filter>
    </ClInclude>
    <ClInclude Include="library\include\ScannerStateCheckin.h">
      <Filter>Header Files</Filter>
    </ClInclude>
    <ClInclude Include="library\include\ScannerStateCheckout.h">
      <Filter>Header Files</Filter>
    </ClInclude>
    <ClInclude Include="library\include\ScannerStateInventory.h">
      <Filter>Header Files</Filter>
    </ClInclude>
    <ClInclude Include="library\include\ScannerStateWaiting.h">
      <Filter>Header Files</Filter>
    </ClInclude>
    <ClInclude Include="library\include\Serializable.h">
      <Filter>Header Files</Filter>
    </ClInclude>
    <ClInclude Include="library\include\StreamLineReader.h">
      <Filter>Header Files</Filter>
    </ClInclude>
    <ClInclude Include="library\include\TimestampSource.h">
      <Filter>Header Files</Filter>
    </ClInclude>
    <ClInclude Include="library\include\Transport.h">
      <Filter>Header Files</Filter>
    </ClInclude>
    <ClInclude Include="library\include\VectorReader.h">
      <Filter>Header Files</Filter>
    </ClInclude>
    <ClInclude Include="library\include\VectorWriter.h">
      <Filter>Header Files</Filter>
    </ClInclude>
  </ItemGroup>
</Project>