<?xml version="1.0" encoding="utf-8"?>
<Project ToolsVersion="4.0" xmlns="http://schemas.microsoft.com/developer/msbuild/2003">
  <ItemGroup>
    <Filter Include="Source Files">
      <Extensions>cpp;c</Extensions>
    </Filter>
    <Filter Include="Header Files">
      <Extensions>h;hpp</Extensions>
    </Filter>
  </ItemGroup>
  <ItemGroup>
    <ClCompile Include="libraryTest\ASSERT_CURRENT_STATE.h">
      <Filter>Header Files</Filter>
    </ClCompile>
    <ClCompile Include="libraryTest\BarcodeUtilTest.cpp">
      <Filter>Source Files</Filter>
    </ClCompile>
    <ClCompile Include="libraryTest\BookTest.cpp">
      <Filter>Source Files</Filter>
    </ClCompile>
    <ClCompile Include="libraryTest\BranchAccessTest.cpp">
      <Filter>Source Files</Filter>
    </ClCompile>
    <ClCompile Include="libraryTest\BranchServiceTest.cpp">
      <Filter>Source Files</Filter>
    </ClCompile>
    <ClCompile Include="libraryTest\BranchTest.cpp">
      <Filter>Source Files</Filter>
    </ClCompile>
    <ClCompile Include="libraryTest\BranchTestData.h">
      <Filter>Header Files</Filter>
    </ClCompile>
    <ClCompile Include="libraryTest\CatalogTest.cpp">
      <Filter>Source Files</Filter>
    </ClCompile>
    <ClCompile Include="libraryTest\ClassificationServiceTest.cpp">
      <Filter>Source Files</Filter>
    </ClCompile>
    <ClCompile Include="libraryTest\HoldingBarcodeTest.cpp">
      <Filter>Source Files</Filter>
    </ClCompile>
    <ClCompile Include="libraryTest\HoldingServiceTest.cpp">
      <Filter>Source Files</Filter>
    </ClCompile>
    <ClCompile Include="libraryTest\HoldingTest.cpp">
      <Filter>Source Files</Filter>
    </ClCompile>
    <ClCompile Include="libraryTest\InventoryReportTest.cpp">
      <Filter>Source Files</Filter>
    </ClCompile>
    <ClCompile Include="libraryTest\KeyedFilePersistenceTest.cpp">
      <Filter>Source Files</Filter>
    </ClCompile>
    <ClCompile Include="libraryTest\KeyedMemoryPersistenceTest.cpp">
      <Filter>Source Files</Filter>
    </ClCompile>
    <ClCompile Include="libraryTest\main.cpp">
      <Filter>Source Files</Filter>
    </ClCompile>
    <ClCompile Include="libraryTest\PatronAccessTest.cpp">
      <Filter>Source Files</Filter>
    </ClCompile>
    <ClCompile Include="libraryTest\PatronServiceTest.cpp">
      <Filter>Source Files</Filter>
    </ClCompile>
    <ClCompile Include="libraryTest\PatronTest.cpp">
      <Filter>Source Files</Filter>
    </ClCompile>
    <ClCompile Include="libraryTest\PersistenceTest.cpp">
      <Filter>Source Files</Filter>
    </ClCompile>
    <ClCompile Include="libraryTest\PersistenceTest.h">
      <Filter>Header Files</Filter>
    </ClCompile>
    <ClCompile Include="libraryTest\ReportMailerTest.cpp">
      <Filter>Source Files</Filter>
    </ClCompile>
    <ClCompile Include="libraryTest\ScannerStateCheckinTest.cpp">
      <Filter>Source Files</Filter>
    </ClCompile>
    <ClCompile Include="libraryTest\ScannerStateCheckoutTest.cpp">
      <Filter>Source Files</Filter>
    </ClCompile>
    <ClCompile Include="libraryTest\ScannerStateInventoryTest.cpp">
      <Filter>Source Files</Filter>
    </ClCompile>
    <ClCompile Include="libraryTest\ScannerStateWaitingTest.cpp">
      <Filter>Source Files</Filter>
    </ClCompile>
    <ClCompile Include="libraryTest\ScannerTest.cpp">
      <Filter>Source Files</Filter>
    </ClCompile>
    <ClCompile Include="libraryTest\ScannerTestData.h">
      <Filter>Header Files</Filter>
    </ClCompile>
    <ClCompile Include="libraryTest\StreamLineReaderTest.cpp">
      <Filter>Source Files</Filter>
    </ClCompile>
    <ClCompile Include="libraryTest\TestScanner.h">
      <Filter>Header Files</Filter>
    </ClCompile>
    <ClCompile Include="libraryTest\TestSerializable.h">
      <Filter>Header Files</Filter>
    </ClCompile>
    <ClCompile Include="libraryTest\TimestampSourceTest.cpp">
      <Filter>Source Files</Filter>
    </ClCompile>
    <ClCompile Include="libraryTest\VectorReaderTest.cpp">
      <Filter>Source Files</Filter>
    </ClCompile>
    <ClCompile Include="libraryTest\ScannerTestData.cpp">
      <Filter>Source Files</Filter>
    </ClCompile>
  </ItemGroup>
</Project>